
Microsoft Visual Studio Solution File, Format Version 12.00
# Visual Studio 14
VisualStudioVersion = 14.0.25420.1
MinimumVisualStudioVersion = 10.0.40219.1
Project("{2150E333-8FDC-42A3-9474-1A3956D46DE8}") = "src", "src", "{DFF0985F-F83D-4870-8C56-8DE7F1DECDFC}"
EndProject
Project("{2150E333-8FDC-42A3-9474-1A3956D46DE8}") = "doc", "doc", "{DAC28F39-B911-44B0-8991-0561FA846242}"
EndProject
Project("{2150E333-8FDC-42A3-9474-1A3956D46DE8}") = "lib", "lib", "{F54D309F-2224-4564-ADCA-01D6457C38BC}"
EndProject
Project("{2150E333-8FDC-42A3-9474-1A3956D46DE8}") = "pac", "pac", "{E8ECC7D0-CB0A-40F3-8BA4-26A3EC28128E}"
EndProject
Project("{2150E333-8FDC-42A3-9474-1A3956D46DE8}") = "commandprocessor", "commandprocessor", "{9A90C45F-D501-4D9D-BE0B-C09720E77619}"
EndProject
Project("{2150E333-8FDC-42A3-9474-1A3956D46DE8}") = "mvc", "mvc", "{9CF61B23-2062-4CFA-A46C-287F51AB1C26}"
EndProject
Project("{FAE04EC0-301F-11D3-BF4B-00C04F79EFBC}") = "Js.Posa.CommandProcessor.Sample", "src\commandprocessor\Js.Posa.CommandProcessor.Sample\Js.Posa.CommandProcessor.Sample.csproj", "{6A9179C7-6948-4045-83BB-650293EE2BEA}"
EndProject
Project("{2150E333-8FDC-42A3-9474-1A3956D46DE8}") = "objectrecovery", "objectrecovery", "{B38BFAE1-D2A5-4822-83E4-64F3C4C5FC15}"
EndProject
Project("{FAE04EC0-301F-11D3-BF4B-00C04F79EFBC}") = "Js.Posa.CustomizableObjectRecovery.Sample", "src\objectrecovery\Js.Posa.CustomizableObjectRecovery.Sample\Js.Posa.CustomizableObjectRecovery.Sample.csproj", "{ACFC5618-A8F2-42FB-A53D-6E1179FC226F}"
EndProject
Project("{FAE04EC0-301F-11D3-BF4B-00C04F79EFBC}") = "Js.Posa.MVC.Sample.Tests", "src\mvc\Js.Posa.MVC.Sample.Tests\Js.Posa.MVC.Sample.Tests.csproj", "{A3E71047-2134-492E-8288-7EEF6EF6BEEC}"
EndProject
Project("{FAE04EC0-301F-11D3-BF4B-00C04F79EFBC}") = "Js.Posa.MVC.Sample", "src\mvc\Js.Posa.MVC.Sample\Js.Posa.MVC.Sample.csproj", "{5BFE48D5-A742-4BFF-8BFE-F5E0DB3E4341}"
EndProject
Global
	GlobalSection(SolutionConfigurationPlatforms) = preSolution
		Debug|Any CPU = Debug|Any CPU
		Release|Any CPU = Release|Any CPU
	EndGlobalSection
	GlobalSection(ProjectConfigurationPlatforms) = postSolution
		{6A9179C7-6948-4045-83BB-650293EE2BEA}.Debug|Any CPU.ActiveCfg = Debug|Any CPU
		{6A9179C7-6948-4045-83BB-650293EE2BEA}.Debug|Any CPU.Build.0 = Debug|Any CPU
		{6A9179C7-6948-4045-83BB-650293EE2BEA}.Release|Any CPU.ActiveCfg = Release|Any CPU
		{6A9179C7-6948-4045-83BB-650293EE2BEA}.Release|Any CPU.Build.0 = Release|Any CPU
		{ACFC5618-A8F2-42FB-A53D-6E1179FC226F}.Debug|Any CPU.ActiveCfg = Debug|Any CPU
		{ACFC5618-A8F2-42FB-A53D-6E1179FC226F}.Debug|Any CPU.Build.0 = Debug|Any CPU
		{ACFC5618-A8F2-42FB-A53D-6E1179FC226F}.Release|Any CPU.ActiveCfg = Release|Any CPU
		{ACFC5618-A8F2-42FB-A53D-6E1179FC226F}.Release|Any CPU.Build.0 = Release|Any CPU
		{A3E71047-2134-492E-8288-7EEF6EF6BEEC}.Debug|Any CPU.ActiveCfg = Debug|Any CPU
		{A3E71047-2134-492E-8288-7EEF6EF6BEEC}.Debug|Any CPU.Build.0 = Debug|Any CPU
		{A3E71047-2134-492E-8288-7EEF6EF6BEEC}.Release|Any CPU.ActiveCfg = Release|Any CPU
		{A3E71047-2134-492E-8288-7EEF6EF6BEEC}.Release|Any CPU.Build.0 = Release|Any CPU
		{5BFE48D5-A742-4BFF-8BFE-F5E0DB3E4341}.Debug|Any CPU.ActiveCfg = Debug|Any CPU
		{5BFE48D5-A742-4BFF-8BFE-F5E0DB3E4341}.Debug|Any CPU.Build.0 = Debug|Any CPU
		{5BFE48D5-A742-4BFF-8BFE-F5E0DB3E4341}.Release|Any CPU.ActiveCfg = Release|Any CPU
		{5BFE48D5-A742-4BFF-8BFE-F5E0DB3E4341}.Release|Any CPU.Build.0 = Release|Any CPU
	EndGlobalSection
	GlobalSection(SolutionProperties) = preSolution
		HideSolutionNode = FALSE
	EndGlobalSection
	GlobalSection(NestedProjects) = preSolution
		{E8ECC7D0-CB0A-40F3-8BA4-26A3EC28128E} = {DFF0985F-F83D-4870-8C56-8DE7F1DECDFC}
		{9A90C45F-D501-4D9D-BE0B-C09720E77619} = {DFF0985F-F83D-4870-8C56-8DE7F1DECDFC}
		{9CF61B23-2062-4CFA-A46C-287F51AB1C26} = {DFF0985F-F83D-4870-8C56-8DE7F1DECDFC}
		{6A9179C7-6948-4045-83BB-650293EE2BEA} = {9A90C45F-D501-4D9D-BE0B-C09720E77619}
		{B38BFAE1-D2A5-4822-83E4-64F3C4C5FC15} = {DFF0985F-F83D-4870-8C56-8DE7F1DECDFC}
		{ACFC5618-A8F2-42FB-A53D-6E1179FC226F} = {B38BFAE1-D2A5-4822-83E4-64F3C4C5FC15}
		{A3E71047-2134-492E-8288-7EEF6EF6BEEC} = {9CF61B23-2062-4CFA-A46C-287F51AB1C26}
		{5BFE48D5-A742-4BFF-8BFE-F5E0DB3E4341} = {9CF61B23-2062-4CFA-A46C-287F51AB1C26}
	EndGlobalSection
EndGlobal
